{
  "nodes": {
    "flake-utils": {
      "locked": {
        "lastModified": 1667395993,
        "narHash": "sha256-nuEHfE/LcWyuSWnS8t12N1wc105Qtau+/OdUAjtQ0rA=",
        "owner": "numtide",
        "repo": "flake-utils",
        "rev": "5aed5285a952e0b949eb3ba02c12fa4fcfef535f",
        "type": "github"
      },
      "original": {
        "owner": "numtide",
        "repo": "flake-utils",
        "type": "github"
      }
    },
    "flake-utils_2": {
      "locked": {
        "lastModified": 1659877975,
        "narHash": "sha256-zllb8aq3YO3h8B/U0/J1WBgAL8EX5yWf5pMj3G0NAmc=",
        "owner": "numtide",
        "repo": "flake-utils",
        "rev": "c0e246b9b83f637f4681389ecabcb2681b4f3af0",
        "type": "github"
      },
      "original": {
        "owner": "numtide",
        "repo": "flake-utils",
        "type": "github"
      }
    },
    "nedryland": {
      "inputs": {
        "flake-utils": "flake-utils",
        "nixpkgs": "nixpkgs"
      },
      "locked": {
        "lastModified": 1671618121,
        "narHash": "sha256-yoHjMKWpELpLVJnc5jCpj9Es9vAJtOOCaE2EyIMPfe0=",
        "owner": "goodbyekansas",
        "repo": "nedryland",
        "rev": "57e02f91cce731117342a8bc0ae3f1bd95f5d70e",
        "type": "github"
      },
      "original": {
        "owner": "goodbyekansas",
        "ref": "move-to-nedryglot",
        "repo": "nedryland",
        "type": "github"
      }
    },
    "nixpkgs": {
      "locked": {
        "lastModified": 1670700605,
        "narHash": "sha256-5dlpATkcyITpdtMflhltuD+A3RNpsVI1Mb+dtKkll6Y=",
        "owner": "NixOS",
        "repo": "nixpkgs",
        "rev": "7b9eeb856cbf976482fa8d1cb295ea03fb3e1277",
        "type": "github"
      },
      "original": {
        "owner": "NixOS",
        "ref": "nixos-22.05",
        "repo": "nixpkgs",
        "type": "github"
      }
    },
    "nixpkgs_2": {
      "locked": {
        "lastModified": 1665296151,
        "narHash": "sha256-uOB0oxqxN9K7XGF1hcnY+PQnlQJ+3bP2vCn/+Ru/bbc=",
        "owner": "NixOS",
        "repo": "nixpkgs",
        "rev": "14ccaaedd95a488dd7ae142757884d8e125b3363",
        "type": "github"
      },
      "original": {
        "owner": "NixOS",
        "ref": "nixpkgs-unstable",
        "repo": "nixpkgs",
        "type": "github"
      }
    },
    "oxalica": {
      "inputs": {
        "flake-utils": "flake-utils_2",
        "nixpkgs": "nixpkgs_2"
      },
      "locked": {
        "lastModified": 1671589280,
        "narHash": "sha256-FmJ4SC+Ewi1iMhdtRcrwirMfvW7h2jakT7ILLo9BVws=",
        "owner": "oxalica",
        "repo": "rust-overlay",
        "rev": "bfc54bcf98dacdc649c88a82bf14d00b399aa3bb",
        "type": "github"
      },
      "original": {
        "owner": "oxalica",
        "repo": "rust-overlay",
        "type": "github"
      }
    },
    "pkgs": {
      "locked": {
        "lastModified": 1671313200,
        "narHash": "sha256-itZTrtHeDJjV696+ur0/TzkTqb5y3Eb57WRLRPK3rwA=",
        "owner": "NixOS",
        "repo": "nixpkgs",
        "rev": "0938d73bb143f4ae037143572f11f4338c7b2d1c",
        "type": "github"
      },
      "original": {
        "owner": "NixOS",
        "ref": "nixos-22.11",
        "repo": "nixpkgs",
        "type": "github"
      }
    },
    "root": {
      "inputs": {
        "nedryland": "nedryland",
        "oxalica": "oxalica",
        "pkgs": "pkgs"
      }
    }
  },
  "root": "root",
  "version": 7
}
